
Microsoft Visual Studio Solution File, Format Version 12.00
# Visual Studio Version 16
VisualStudioVersion = 25.0.1703.8
MinimumVisualStudioVersion = 10.0.40219.1
Project("{FAE04EC0-301F-11D3-BF4B-00C04F79EFBC}") = "Domain", "Domain\Domain.csproj", "{E359AF35-EAF0-4617-84B3-C7ED8B4ED254}"
EndProject
Project("{FAE04EC0-301F-11D3-BF4B-00C04F79EFBC}") = "Test", "Test\Test.csproj", "{D6147F5B-D99C-457D-98BE-2FC05F518D03}"
EndProject
Project("{FAE04EC0-301F-11D3-BF4B-00C04F79EFBC}") = "Application", "Application\Application.csproj", "{D315BE20-63AE-4B52-A7A9-BB8AC88FF817}"
EndProject
Global
	GlobalSection(SolutionConfigurationPlatforms) = preSolution
		Debug|Any CPU = Debug|Any CPU
		Release|Any CPU = Release|Any CPU
	EndGlobalSection
	GlobalSection(ProjectConfigurationPlatforms) = postSolution
		{E359AF35-EAF0-4617-84B3-C7ED8B4ED254}.Debug|Any CPU.ActiveCfg = Debug|Any CPU
		{E359AF35-EAF0-4617-84B3-C7ED8B4ED254}.Debug|Any CPU.Build.0 = Debug|Any CPU
		{E359AF35-EAF0-4617-84B3-C7ED8B4ED254}.Release|Any CPU.ActiveCfg = Release|Any CPU
		{E359AF35-EAF0-4617-84B3-C7ED8B4ED254}.Release|Any CPU.Build.0 = Release|Any CPU
		{D6147F5B-D99C-457D-98BE-2FC05F518D03}.Debug|Any CPU.ActiveCfg = Debug|Any CPU
		{D6147F5B-D99C-457D-98BE-2FC05F518D03}.Debug|Any CPU.Build.0 = Debug|Any CPU
		{D6147F5B-D99C-457D-98BE-2FC05F518D03}.Release|Any CPU.ActiveCfg = Release|Any CPU
		{D6147F5B-D99C-457D-98BE-2FC05F518D03}.Release|Any CPU.Build.0 = Release|Any CPU
		{D315BE20-63AE-4B52-A7A9-BB8AC88FF817}.Debug|Any CPU.ActiveCfg = Debug|Any CPU
		{D315BE20-63AE-4B52-A7A9-BB8AC88FF817}.Debug|Any CPU.Build.0 = Debug|Any CPU
		{D315BE20-63AE-4B52-A7A9-BB8AC88FF817}.Release|Any CPU.ActiveCfg = Release|Any CPU
		{D315BE20-63AE-4B52-A7A9-BB8AC88FF817}.Release|Any CPU.Build.0 = Release|Any CPU
	EndGlobalSection
	GlobalSection(SolutionProperties) = preSolution
		HideSolutionNode = FALSE
	EndGlobalSection
	GlobalSection(ExtensibilityGlobals) = postSolution
		SolutionGuid = {E416DFC9-D002-4582-9E2D-06497AC716DE}
	EndGlobalSection
EndGlobal
